# This file is automatically @generated by Cargo.
# It is not intended for manual editing.
version = 4

[[package]]
name = "rft-basic"
version = "0.1.0"

[[package]]
name = "rft-collection"
version = "0.1.0"

[[package]]
name = "rft-ownership"
version = "0.1.0"

[[package]]
name = "struct-and-enum"
version = "0.1.0"
